github.com/google/uuid v1.1.1 h1:Gkbcsh/GbpXz7lPftLA3P6TYMwjCLYm83jiFQZF/3gY=
github.com/google/uuid v1.1.1/go.mod h1:TIyPZe4MgqvfeYDBFedMoGGpEw/LqOeaOT+nhxU+yHo=
github.com/krstak/testify v1.0.1 h1:0WNOhEcWJzqM/ZpGN2YpepSfScbEOe036K3onFIEIic=
github.com/krstak/testify v1.0.1/go.mod h1:7C0HQ7ybZFoAglM4ynN+IyB1lWTofozB7RwnMBu/jGw=
